{
  "name": "svate",
  "version": "0.1.0",
  "lockfileVersion": 2,
  "requires": true,
  "packages": {
    "": {
      "version": "0.1.0",
      "license": "MIT",
      "devDependencies": {
        "derver": "^0.4.13",
        "esbuild": "^0.9.4",
        "esbuild-svelte": "^0.4.3",
        "svelte": "^3.35.0"
      }
    },
    "node_modules/derver": {
      "version": "0.4.13",
      "resolved": "https://registry.npmjs.org/derver/-/derver-0.4.13.tgz",
      "integrity": "sha512-rcKe6q3DAcxLqgJ8+U/s+x0khAP6mfvvSiMnbU776fTJdQt0dVT+sh+z/7eElzxf19ZJ72S5RZgJCIvsGHe4UA==",
      "dev": true,
      "bin": {
        "derver": "bin/derver"
      }
    },
    "node_modules/esbuild": {
      "version": "0.9.4",
      "resolved": "https://registry.npmjs.org/esbuild/-/esbuild-0.9.4.tgz",
      "integrity": "sha512-bF6laCiYE5+iAfZsX+v6Lwvi5QbvKN3tThxDIR2WLyLYzTzNn0ijdpqkvTVsafmRZjic2Nq1nkSf5RSWySDTjA==",
      "dev": true,
      "hasInstallScript": true,
      "bin": {
        "esbuild": "bin/esbuild"
      }
    },
    "node_modules/esbuild-svelte": {
      "version": "0.4.3",
      "resolved": "https://registry.npmjs.org/esbuild-svelte/-/esbuild-svelte-0.4.3.tgz",
      "integrity": "sha512-XYSdgKCPLhWFCWxDVsjg9aHydWwCdaWDSEzx8PloB7fqHG3QGhU+qU8Y5P06cEtmz5N6CiK3b1RH6irYFIerUw==",
      "dev": true,
      "dependencies": {
        "svelte": "^3.35.0"
      },
      "peerDependencies": {
        "esbuild": ">=0.8.1"
      }
    },
    "node_modules/svelte": {
      "version": "3.35.0",
      "resolved": "https://registry.npmjs.org/svelte/-/svelte-3.35.0.tgz",
      "integrity": "sha512-gknlZkR2sXheu/X+B7dDImwANVvK1R0QGQLd8CNIfxxGPeXBmePnxfzb6fWwTQRsYQG7lYkZXvpXJvxvpsoB7g==",
      "dev": true,
      "engines": {
        "node": ">= 8"
      }
    }
  },
  "dependencies": {
    "derver": {
      "version": "0.4.13",
      "resolved": "https://registry.npmjs.org/derver/-/derver-0.4.13.tgz",
      "integrity": "sha512-rcKe6q3DAcxLqgJ8+U/s+x0khAP6mfvvSiMnbU776fTJdQt0dVT+sh+z/7eElzxf19ZJ72S5RZgJCIvsGHe4UA==",
      "dev": true
    },
    "esbuild": {
      "version": "0.9.4",
      "resolved": "https://registry.npmjs.org/esbuild/-/esbuild-0.9.4.tgz",
      "integrity": "sha512-bF6laCiYE5+iAfZsX+v6Lwvi5QbvKN3tThxDIR2WLyLYzTzNn0ijdpqkvTVsafmRZjic2Nq1nkSf5RSWySDTjA==",
      "dev": true
    },
    "esbuild-svelte": {
      "version": "0.4.3",
      "resolved": "https://registry.npmjs.org/esbuild-svelte/-/esbuild-svelte-0.4.3.tgz",
      "integrity": "sha512-XYSdgKCPLhWFCWxDVsjg9aHydWwCdaWDSEzx8PloB7fqHG3QGhU+qU8Y5P06cEtmz5N6CiK3b1RH6irYFIerUw==",
      "dev": true,
      "requires": {
        "svelte": "^3.35.0"
      }
    },
    "svelte": {
      "version": "3.35.0",
      "resolved": "https://registry.npmjs.org/svelte/-/svelte-3.35.0.tgz",
      "integrity": "sha512-gknlZkR2sXheu/X+B7dDImwANVvK1R0QGQLd8CNIfxxGPeXBmePnxfzb6fWwTQRsYQG7lYkZXvpXJvxvpsoB7g==",
      "dev": true
    }
  }
}
